<?xml version="1.0" encoding="utf-8"?>
<Project ToolsVersion="4.0" xmlns="http://schemas.microsoft.com/developer/msbuild/2003">
  <ItemGroup>
    <ApplicationDefinition Include="App.xaml" />
  </ItemGroup>
  <ItemGroup>
    <Page Include="MainWindow.xaml" />
    <Page Include="ListPage.xaml" />
    <Page Include="NoReminderSelectedPage.xaml" />
    <Page Include="ReminderDetailsPage.xaml" />
    <Page Include="SettingsPage.xaml" />
  </ItemGroup>
  <ItemGroup>
    <Midl Include="App.idl" />
    <Midl Include="MainWindow.idl" />
    <Midl Include="ListPage.idl" />
  </ItemGroup>
  <ItemGroup>
    <ClCompile Include="$(GeneratedFilesDir)module.g.cpp" />
    <ClCompile Include="pch.cpp" />
    <ClCompile Include="Foreign\DesktopNotificationManagerCompat.cpp">
      <Filter>Foreign</Filter>
    </ClCompile>
    <ClCompile Include="NotificationActivator.cpp" />
    <ClCompile Include="Date.cpp" />
    <ClCompile Include="ReminderStore.cpp" />
    <ClCompile Include="Reminder.cpp" />
    <ClCompile Include="SettingsPage_StartShortcutCreator.cpp" />
  </ItemGroup>
  <ItemGroup>
    <ClInclude Include="pch.h" />
    <ClInclude Include="Foreign\DesktopNotificationManagerCompat.h">
      <Filter>Foreign</Filter>
    </ClInclude>
    <ClInclude Include="NotificationActivator.h" />
    <ClInclude Include="Date.h" />
    <ClInclude Include="Reminder.h" />
    <ClInclude Include="ReminderStore.h" />
    <ClInclude Include="Version.h" />
  </ItemGroup>
  <ItemGroup>
    <Manifest Include="app.manifest" />
  </ItemGroup>
  <ItemGroup>
    <None Include="packages.config" />
  </ItemGroup>
  <ItemGroup>
    <Filter Include="Foreign">
      <UniqueIdentifier>{6b513f85-7673-4cca-af90-fc1415a9d673}</UniqueIdentifier>
    </Filter>
  </ItemGroup>
  <ItemGroup>
    <PRIResource Include="Strings\en-US\Resources.resw" />
    <PRIResource Include="Strings\ja\Resources.resw" />
    <PRIResource Include="Strings\vi\Resources.resw" />
  </ItemGroup>
  <ItemGroup>
    <XliffResource Include="MultilingualResources\Spacious.ja.xlf" />
    <XliffResource Include="MultilingualResources\Spacious.vi.xlf" />
  </ItemGroup>
</Project>